
Microsoft Visual Studio Solution File, Format Version 12.00
# Visual Studio Version 17
VisualStudioVersion = 17.7.34003.232
MinimumVisualStudioVersion = 10.0.40219.1
Project("{9A19103F-16F7-4668-BE54-9A1E7A4F7556}") = "PZ_02", "PZ_02\PZ_02.csproj", "{FBC372C9-FA69-4243-B53E-965927A9CDC8}"
EndProject
Project("{9A19103F-16F7-4668-BE54-9A1E7A4F7556}") = "pz_03", "pz_03\pz_03.csproj", "{FA35FEE3-232F-4459-8B94-CAC642CC5DE9}"
EndProject
Project("{9A19103F-16F7-4668-BE54-9A1E7A4F7556}") = "pz_01", "pz_01\pz_01.csproj", "{74BD4612-6A84-409C-991B-7425EAEB2CBB}"
EndProject
Project("{9A19103F-16F7-4668-BE54-9A1E7A4F7556}") = "pz_04", "pz_04\pz_04.csproj", "{B180D7FC-8BE3-4348-9440-487F2B3707DD}"
EndProject
Project("{9A19103F-16F7-4668-BE54-9A1E7A4F7556}") = "pz_05", "pz_05\pz_05.csproj", "{446B5148-0A3D-4427-AFF4-B9D3DED03C3D}"
EndProject
Project("{9A19103F-16F7-4668-BE54-9A1E7A4F7556}") = "pz_06", "pz_06\pz_06.csproj", "{386C7023-B14D-49AB-8960-EB990FCB2C0A}"
EndProject
Project("{9A19103F-16F7-4668-BE54-9A1E7A4F7556}") = "pz_07", "pz_07\pz_07.csproj", "{4CF40150-FB81-409F-92E6-7B0AEE1FB494}"
EndProject
Project("{9A19103F-16F7-4668-BE54-9A1E7A4F7556}") = "pz_08", "pz_08\pz_08.csproj", "{343D9309-3852-4BF5-9DD4-3D7F0A10A0C6}"
EndProject
Project("{9A19103F-16F7-4668-BE54-9A1E7A4F7556}") = "PZ_09", "PZ_09\PZ_09.csproj", "{87FA425A-7F3B-4160-9585-C069899DDE1C}"
EndProject
Project("{9A19103F-16F7-4668-BE54-9A1E7A4F7556}") = "PZ_10", "PZ_10\PZ_10.csproj", "{397A3601-3696-4853-AD2C-D8D65764E86B}"
EndProject
Project("{9A19103F-16F7-4668-BE54-9A1E7A4F7556}") = "PZ_11", "PZ_11\PZ_11.csproj", "{AEDF0B2A-FBE2-4F69-B902-B91276BBACA6}"
EndProject
Project("{9A19103F-16F7-4668-BE54-9A1E7A4F7556}") = "PZ_12", "PZ_12\PZ_12.csproj", "{3CE4C5C2-6A18-4100-83AF-CAEB7B1988A4}"
EndProject
Project("{FAE04EC0-301F-11D3-BF4B-00C04F79EFBC}") = "PZ_14", "PZ_14\PZ_14.csproj", "{D6EF2661-FF53-4FD3-8112-3CC8DCA89226}"
EndProject
Global
	GlobalSection(SolutionConfigurationPlatforms) = preSolution
		Debug|Any CPU = Debug|Any CPU
		Release|Any CPU = Release|Any CPU
	EndGlobalSection
	GlobalSection(ProjectConfigurationPlatforms) = postSolution
		{FBC372C9-FA69-4243-B53E-965927A9CDC8}.Debug|Any CPU.ActiveCfg = Debug|Any CPU
		{FBC372C9-FA69-4243-B53E-965927A9CDC8}.Debug|Any CPU.Build.0 = Debug|Any CPU
		{FBC372C9-FA69-4243-B53E-965927A9CDC8}.Release|Any CPU.ActiveCfg = Release|Any CPU
		{FBC372C9-FA69-4243-B53E-965927A9CDC8}.Release|Any CPU.Build.0 = Release|Any CPU
		{FA35FEE3-232F-4459-8B94-CAC642CC5DE9}.Debug|Any CPU.ActiveCfg = Debug|Any CPU
		{FA35FEE3-232F-4459-8B94-CAC642CC5DE9}.Debug|Any CPU.Build.0 = Debug|Any CPU
		{FA35FEE3-232F-4459-8B94-CAC642CC5DE9}.Release|Any CPU.ActiveCfg = Release|Any CPU
		{FA35FEE3-232F-4459-8B94-CAC642CC5DE9}.Release|Any CPU.Build.0 = Release|Any CPU
		{74BD4612-6A84-409C-991B-7425EAEB2CBB}.Debug|Any CPU.ActiveCfg = Debug|Any CPU
		{74BD4612-6A84-409C-991B-7425EAEB2CBB}.Debug|Any CPU.Build.0 = Debug|Any CPU
		{74BD4612-6A84-409C-991B-7425EAEB2CBB}.Release|Any CPU.ActiveCfg = Release|Any CPU
		{74BD4612-6A84-409C-991B-7425EAEB2CBB}.Release|Any CPU.Build.0 = Release|Any CPU
		{B180D7FC-8BE3-4348-9440-487F2B3707DD}.Debug|Any CPU.ActiveCfg = Debug|Any CPU
		{B180D7FC-8BE3-4348-9440-487F2B3707DD}.Debug|Any CPU.Build.0 = Debug|Any CPU
		{B180D7FC-8BE3-4348-9440-487F2B3707DD}.Release|Any CPU.ActiveCfg = Release|Any CPU
		{B180D7FC-8BE3-4348-9440-487F2B3707DD}.Release|Any CPU.Build.0 = Release|Any CPU
		{446B5148-0A3D-4427-AFF4-B9D3DED03C3D}.Debug|Any CPU.ActiveCfg = Debug|Any CPU
		{446B5148-0A3D-4427-AFF4-B9D3DED03C3D}.Debug|Any CPU.Build.0 = Debug|Any CPU
		{446B5148-0A3D-4427-AFF4-B9D3DED03C3D}.Release|Any CPU.ActiveCfg = Release|Any CPU
		{446B5148-0A3D-4427-AFF4-B9D3DED03C3D}.Release|Any CPU.Build.0 = Release|Any CPU
		{386C7023-B14D-49AB-8960-EB990FCB2C0A}.Debug|Any CPU.ActiveCfg = Debug|Any CPU
		{386C7023-B14D-49AB-8960-EB990FCB2C0A}.Debug|Any CPU.Build.0 = Debug|Any CPU
		{386C7023-B14D-49AB-8960-EB990FCB2C0A}.Release|Any CPU.ActiveCfg = Release|Any CPU
		{386C7023-B14D-49AB-8960-EB990FCB2C0A}.Release|Any CPU.Build.0 = Release|Any CPU
		{4CF40150-FB81-409F-92E6-7B0AEE1FB494}.Debug|Any CPU.ActiveCfg = Debug|Any CPU
		{4CF40150-FB81-409F-92E6-7B0AEE1FB494}.Debug|Any CPU.Build.0 = Debug|Any CPU
		{4CF40150-FB81-409F-92E6-7B0AEE1FB494}.Release|Any CPU.ActiveCfg = Release|Any CPU
		{4CF40150-FB81-409F-92E6-7B0AEE1FB494}.Release|Any CPU.Build.0 = Release|Any CPU
		{343D9309-3852-4BF5-9DD4-3D7F0A10A0C6}.Debug|Any CPU.ActiveCfg = Debug|Any CPU
		{343D9309-3852-4BF5-9DD4-3D7F0A10A0C6}.Debug|Any CPU.Build.0 = Debug|Any CPU
		{343D9309-3852-4BF5-9DD4-3D7F0A10A0C6}.Release|Any CPU.ActiveCfg = Release|Any CPU
		{343D9309-3852-4BF5-9DD4-3D7F0A10A0C6}.Release|Any CPU.Build.0 = Release|Any CPU
		{87FA425A-7F3B-4160-9585-C069899DDE1C}.Debug|Any CPU.ActiveCfg = Debug|Any CPU
		{87FA425A-7F3B-4160-9585-C069899DDE1C}.Debug|Any CPU.Build.0 = Debug|Any CPU
		{87FA425A-7F3B-4160-9585-C069899DDE1C}.Release|Any CPU.ActiveCfg = Release|Any CPU
		{87FA425A-7F3B-4160-9585-C069899DDE1C}.Release|Any CPU.Build.0 = Release|Any CPU
		{397A3601-3696-4853-AD2C-D8D65764E86B}.Debug|Any CPU.ActiveCfg = Debug|Any CPU
		{397A3601-3696-4853-AD2C-D8D65764E86B}.Debug|Any CPU.Build.0 = Debug|Any CPU
		{397A3601-3696-4853-AD2C-D8D65764E86B}.Release|Any CPU.ActiveCfg = Release|Any CPU
		{397A3601-3696-4853-AD2C-D8D65764E86B}.Release|Any CPU.Build.0 = Release|Any CPU
		{AEDF0B2A-FBE2-4F69-B902-B91276BBACA6}.Debug|Any CPU.ActiveCfg = Debug|Any CPU
		{AEDF0B2A-FBE2-4F69-B902-B91276BBACA6}.Debug|Any CPU.Build.0 = Debug|Any CPU
		{AEDF0B2A-FBE2-4F69-B902-B91276BBACA6}.Release|Any CPU.ActiveCfg = Release|Any CPU
		{AEDF0B2A-FBE2-4F69-B902-B91276BBACA6}.Release|Any CPU.Build.0 = Release|Any CPU
		{3CE4C5C2-6A18-4100-83AF-CAEB7B1988A4}.Debug|Any CPU.ActiveCfg = Debug|Any CPU
		{3CE4C5C2-6A18-4100-83AF-CAEB7B1988A4}.Debug|Any CPU.Build.0 = Debug|Any CPU
		{3CE4C5C2-6A18-4100-83AF-CAEB7B1988A4}.Release|Any CPU.ActiveCfg = Release|Any CPU
		{3CE4C5C2-6A18-4100-83AF-CAEB7B1988A4}.Release|Any CPU.Build.0 = Release|Any CPU
		{D6EF2661-FF53-4FD3-8112-3CC8DCA89226}.Debug|Any CPU.ActiveCfg = Debug|Any CPU
		{D6EF2661-FF53-4FD3-8112-3CC8DCA89226}.Debug|Any CPU.Build.0 = Debug|Any CPU
		{D6EF2661-FF53-4FD3-8112-3CC8DCA89226}.Release|Any CPU.ActiveCfg = Release|Any CPU
		{D6EF2661-FF53-4FD3-8112-3CC8DCA89226}.Release|Any CPU.Build.0 = Release|Any CPU
	EndGlobalSection
	GlobalSection(SolutionProperties) = preSolution
		HideSolutionNode = FALSE
	EndGlobalSection
	GlobalSection(ExtensibilityGlobals) = postSolution
		SolutionGuid = {2AD09D0C-9A57-4269-A0DA-0A85BB4554E0}
	EndGlobalSection
EndGlobal
